
Microsoft Visual Studio Solution File, Format Version 12.00
# Visual Studio Version 17
VisualStudioVersion = 17.9.34723.18
MinimumVisualStudioVersion = 10.0.40219.1
Project("{9A19103F-16F7-4668-BE54-9A1E7A4F7556}") = "DB First", "DB First\DB First.csproj", "{BC1D298D-1D92-4404-8DD4-1509CC6E0F60}"
EndProject
Project("{FAE04EC0-301F-11D3-BF4B-00C04F79EFBC}") = "Code First", "Code First\Code First.csproj", "{CF444AFB-E931-4282-9FA1-2B08873B8D9C}"
EndProject
Global
	GlobalSection(SolutionConfigurationPlatforms) = preSolution
		Debug|Any CPU = Debug|Any CPU
		Release|Any CPU = Release|Any CPU
	EndGlobalSection
	GlobalSection(ProjectConfigurationPlatforms) = postSolution
		{BC1D298D-1D92-4404-8DD4-1509CC6E0F60}.Debug|Any CPU.ActiveCfg = Debug|Any CPU
		{BC1D298D-1D92-4404-8DD4-1509CC6E0F60}.Debug|Any CPU.Build.0 = Debug|Any CPU
		{BC1D298D-1D92-4404-8DD4-1509CC6E0F60}.Release|Any CPU.ActiveCfg = Release|Any CPU
		{BC1D298D-1D92-4404-8DD4-1509CC6E0F60}.Release|Any CPU.Build.0 = Release|Any CPU
		{CF444AFB-E931-4282-9FA1-2B08873B8D9C}.Debug|Any CPU.ActiveCfg = Debug|Any CPU
		{CF444AFB-E931-4282-9FA1-2B08873B8D9C}.Debug|Any CPU.Build.0 = Debug|Any CPU
		{CF444AFB-E931-4282-9FA1-2B08873B8D9C}.Release|Any CPU.ActiveCfg = Release|Any CPU
		{CF444AFB-E931-4282-9FA1-2B08873B8D9C}.Release|Any CPU.Build.0 = Release|Any CPU
	EndGlobalSection
	GlobalSection(SolutionProperties) = preSolution
		HideSolutionNode = FALSE
	EndGlobalSection
	GlobalSection(ExtensibilityGlobals) = postSolution
		SolutionGuid = {DA5DC6E5-BDA5-4A43-A384-C9D70FFE5384}
	EndGlobalSection
EndGlobal
